<?xml version="1.0" encoding="utf-8"?>
<Project ToolsVersion="4.0" xmlns="http://schemas.microsoft.com/developer/msbuild/2003">
  <ItemGroup>
    <Filter Include="Source Files">
      <UniqueIdentifier>{4FC737F1-C7A5-4376-A066-2A32D752A2FF}</UniqueIdentifier>
      <Extensions>cpp;c;cc;cxx;def;odl;idl;hpj;bat;asm;asmx</Extensions>
    </Filter>
    <Filter Include="Header Files">
      <UniqueIdentifier>{93995380-89BD-4b04-88EB-625FBE52EBFB}</UniqueIdentifier>
      <Extensions>h;hh;hpp;hxx;hm;inl;inc;xsd</Extensions>
    </Filter>
    <Filter Include="Resource Files">
      <UniqueIdentifier>{67DA6AB6-F800-4c08-8B7A-83BB121AAD01}</UniqueIdentifier>
      <Extensions>rc;ico;cur;bmp;dlg;rc2;rct;bin;rgs;gif;jpg;jpeg;jpe;resx;tiff;tif;png;wav;mfcribbon-ms</Extensions>
    </Filter>
  </ItemGroup>
  <ItemGroup>
    <ClCompile Include="..\lzma\C\7zFile.c">
      <Filter>Source Files</Filter>
    </ClCompile>
    <ClCompile Include="..\lzma\C\7zStream.c">
      <Filter>Source Files</Filter>
    </ClCompile>
    <ClCompile Include="..\lzma\C\Alloc.c">
      <Filter>Source Files</Filter>
    </ClCompile>
    <ClCompile Include="..\lzma\C\LzFind.c">
      <Filter>Source Files</Filter>
    </ClCompile>
    <ClCompile Include="..\lzma\C\LzFindMt.c">
      <Filter>Source Files</Filter>
    </ClCompile>
    <ClCompile Include="..\lzma\C\LzmaDec.c">
      <Filter>Source Files</Filter>
    </ClCompile>
    <ClCompile Include="..\lzma\C\Threads.c">
      <Filter>Source Files</Filter>
    </ClCompile>
    <ClCompile Include="..\lzma\C\7zAlloc.c">
      <Filter>Source Files</Filter>
    </ClCompile>
    <ClCompile Include="..\lzma\C\7zBuf.c">
      <Filter>Source Files</Filter>
    </ClCompile>
    <ClCompile Include="..\lzma\C\7zBuf2.c">
      <Filter>Source Files</Filter>
    </ClCompile>
    <ClCompile Include="..\lzma\C\7zCrc.c">
      <Filter>Source Files</Filter>
    </ClCompile>
    <ClCompile Include="..\lzma\C\7zCrcOpt.c">
      <Filter>Source Files</Filter>
    </ClCompile>
    <ClCompile Include="..\lzma\C\7zDec.c">
      <Filter>Source Files</Filter>
    </ClCompile>
    <ClCompile Include="..\lzma\C\7zIn.c">
      <Filter>Source Files</Filter>
    </ClCompile>
    <ClCompile Include="..\lzma\C\Bcj2.c">
      <Filter>Source Files</Filter>
    </ClCompile>
    <ClCompile Include="..\lzma\C\Bra.c">
      <Filter>Source Files</Filter>
    </ClCompile>
    <ClCompile Include="..\lzma\C\Bra86.c">
      <Filter>Source Files</Filter>
    </ClCompile>
    <ClCompile Include="..\lzma\C\BraIA64.c">
      <Filter>Source Files</Filter>
    </ClCompile>
    <ClCompile Include="..\lzma\C\Delta.c">
      <Filter>Source Files</Filter>
    </ClCompile>
    <ClCompile Include="..\lzma\C\Lzma2Dec.c">
      <Filter>Source Files</Filter>
    </ClCompile>
    <ClCompile Include="..\lzma\C\MtCoder.c">
      <Filter>Source Files</Filter>
    </ClCompile>
    <ClCompile Include="..\lzma\C\Ppmd7.c">
      <Filter>Source Files</Filter>
    </ClCompile>
    <ClCompile Include="..\lzma\C\Ppmd7Dec.c">
      <Filter>Source Files</Filter>
    </ClCompile>
    <ClCompile Include="..\lzma\C\Sha256.c">
      <Filter>Source Files</Filter>
    </ClCompile>
    <ClCompile Include="..\lzma\C\Xz.c">
      <Filter>Source Files</Filter>
    </ClCompile>
    <ClCompile Include="..\lzma\C\XzCrc64.c">
      <Filter>Source Files</Filter>
    </ClCompile>
    <ClCompile Include="..\lzma\C\XzDec.c">
      <Filter>Source Files</Filter>
    </ClCompile>
    <ClCompile Include="..\lzma\C\XzIn.c">
      <Filter>Source Files</Filter>
    </ClCompile>
    <ClCompile Include="..\lzma\C\CpuArch.c">
      <Filter>Source Files</Filter>
    </ClCompile>
  </ItemGroup>
  <ItemGroup>
    <ClInclude Include="..\lzma\C\7zFile.h">
      <Filter>Header Files</Filter>
    </ClInclude>
    <ClInclude Include="..\lzma\C\7zVersion.h">
      <Filter>Header Files</Filter>
    </ClInclude>
    <ClInclude Include="..\lzma\C\Alloc.h">
      <Filter>Header Files</Filter>
    </ClInclude>
    <ClInclude Include="..\lzma\C\CpuArch.h">
      <Filter>Header Files</Filter>
    </ClInclude>
    <ClInclude Include="..\lzma\C\LzFind.h">
      <Filter>Header Files</Filter>
    </ClInclude>
    <ClInclude Include="..\lzma\C\LzFindMt.h">
      <Filter>Header Files</Filter>
    </ClInclude>
    <ClInclude Include="..\lzma\C\LzHash.h">
      <Filter>Header Files</Filter>
    </ClInclude>
    <ClInclude Include="..\lzma\C\LzmaDec.h">
      <Filter>Header Files</Filter>
    </ClInclude>
    <ClInclude Include="..\lzma\C\LzmaEnc.h">
      <Filter>Header Files</Filter>
    </ClInclude>
    <ClInclude Include="..\lzma\C\Threads.h">
      <Filter>Header Files</Filter>
    </ClInclude>
    <ClInclude Include="..\lzma\C\Types.h">
      <Filter>Header Files</Filter>
    </ClInclude>
    <ClInclude Include="..\lzma\C\7z.h">
      <Filter>Header Files</Filter>
    </ClInclude>
    <ClInclude Include="..\lzma\C\7zAlloc.h">
      <Filter>Header Files</Filter>
    </ClInclude>
    <ClInclude Include="..\lzma\C\7zBuf.h">
      <Filter>Header Files</Filter>
    </ClInclude>
    <ClInclude Include="..\lzma\C\7zCrc.h">
      <Filter>Header Files</Filter>
    </ClInclude>
    <ClInclude Include="..\lzma\C\Bcj2.h">
      <Filter>Header Files</Filter>
    </ClInclude>
    <ClInclude Include="..\lzma\C\Bra.h">
      <Filter>Header Files</Filter>
    </ClInclude>
    <ClInclude Include="..\lzma\C\Delta.h">
      <Filter>Header Files</Filter>
    </ClInclude>
    <ClInclude Include="..\lzma\C\Lzma2Dec.h">
      <Filter>Header Files</Filter>
    </ClInclude>
    <ClInclude Include="..\lzma\C\Lzma86.h">
      <Filter>Header Files</Filter>
    </ClInclude>
    <ClInclude Include="..\lzma\C\LzmaLib.h">
      <Filter>Header Files</Filter>
    </ClInclude>
    <ClInclude Include="..\lzma\C\MtCoder.h">
      <Filter>Header Files</Filter>
    </ClInclude>
    <ClInclude Include="..\lzma\C\Ppmd.h">
      <Filter>Header Files</Filter>
    </ClInclude>
    <ClInclude Include="..\lzma\C\Ppmd7.h">
      <Filter>Header Files</Filter>
    </ClInclude>
    <ClInclude Include="..\lzma\C\RotateDefs.h">
      <Filter>Header Files</Filter>
    </ClInclude>
    <ClInclude Include="..\lzma\C\Sha256.h">
      <Filter>Header Files</Filter>
    </ClInclude>
    <ClInclude Include="..\lzma\C\Xz.h">
      <Filter>Header Files</Filter>
    </ClInclude>
    <ClInclude Include="..\lzma\C\XzCrc64.h">
      <Filter>Header Files</Filter>
    </ClInclude>
    <ClInclude Include="..\lzma\C\XzEnc.h">
      <Filter>Header Files</Filter>
    </ClInclude>
  </ItemGroup>
</Project>